
Microsoft Visual Studio Solution File, Format Version 12.00
# Visual Studio 14
VisualStudioVersion = 14.0.25420.1
MinimumVisualStudioVersion = 10.0.40219.1
Project("{FAE04EC0-301F-11D3-BF4B-00C04F79EFBC}") = "CafeX", "CafeX\CafeX.csproj", "{2B96B4C5-E3F1-4FFE-980C-F1558E69A1AA}"
EndProject
Project("{FAE04EC0-301F-11D3-BF4B-00C04F79EFBC}") = "CafeX.DataObjects", "CafeX.Data\CafeX.DataObjects.csproj", "{3A8C20D2-235F-4049-80B5-5E90A76C3DB0}"
EndProject
Project("{FAE04EC0-301F-11D3-BF4B-00C04F79EFBC}") = "CafeX.Abstractions", "CafeX.Abstractions\CafeX.Abstractions.csproj", "{9E3770B3-9893-494E-B9BA-30E9197CC44B}"
EndProject
Project("{FAE04EC0-301F-11D3-BF4B-00C04F79EFBC}") = "CafeX.MockData", "CafeX.MockData\CafeX.MockData.csproj", "{625E7913-387E-495F-91AD-23823B79F88C}"
EndProject
Project("{FAE04EC0-301F-11D3-BF4B-00C04F79EFBC}") = "CafeX.Test", "CafeX.Test\CafeX.Test.csproj", "{1E27B4BF-37BE-4E22-B9CE-B4491081F0EA}"
EndProject
Project("{FAE04EC0-301F-11D3-BF4B-00C04F79EFBC}") = "CafeX.DataStore", "CafeX.DataStore\CafeX.DataStore.csproj", "{EBAC88F2-8586-436F-B795-1F5BDEA0F996}"
EndProject
Global
	GlobalSection(SolutionConfigurationPlatforms) = preSolution
		Debug|Any CPU = Debug|Any CPU
		Release|Any CPU = Release|Any CPU
	EndGlobalSection
	GlobalSection(ProjectConfigurationPlatforms) = postSolution
		{2B96B4C5-E3F1-4FFE-980C-F1558E69A1AA}.Debug|Any CPU.ActiveCfg = Debug|Any CPU
		{2B96B4C5-E3F1-4FFE-980C-F1558E69A1AA}.Debug|Any CPU.Build.0 = Debug|Any CPU
		{2B96B4C5-E3F1-4FFE-980C-F1558E69A1AA}.Release|Any CPU.ActiveCfg = Release|Any CPU
		{2B96B4C5-E3F1-4FFE-980C-F1558E69A1AA}.Release|Any CPU.Build.0 = Release|Any CPU
		{3A8C20D2-235F-4049-80B5-5E90A76C3DB0}.Debug|Any CPU.ActiveCfg = Debug|Any CPU
		{3A8C20D2-235F-4049-80B5-5E90A76C3DB0}.Debug|Any CPU.Build.0 = Debug|Any CPU
		{3A8C20D2-235F-4049-80B5-5E90A76C3DB0}.Release|Any CPU.ActiveCfg = Release|Any CPU
		{3A8C20D2-235F-4049-80B5-5E90A76C3DB0}.Release|Any CPU.Build.0 = Release|Any CPU
		{9E3770B3-9893-494E-B9BA-30E9197CC44B}.Debug|Any CPU.ActiveCfg = Debug|Any CPU
		{9E3770B3-9893-494E-B9BA-30E9197CC44B}.Debug|Any CPU.Build.0 = Debug|Any CPU
		{9E3770B3-9893-494E-B9BA-30E9197CC44B}.Release|Any CPU.ActiveCfg = Release|Any CPU
		{9E3770B3-9893-494E-B9BA-30E9197CC44B}.Release|Any CPU.Build.0 = Release|Any CPU
		{625E7913-387E-495F-91AD-23823B79F88C}.Debug|Any CPU.ActiveCfg = Debug|Any CPU
		{625E7913-387E-495F-91AD-23823B79F88C}.Debug|Any CPU.Build.0 = Debug|Any CPU
		{625E7913-387E-495F-91AD-23823B79F88C}.Release|Any CPU.ActiveCfg = Release|Any CPU
		{625E7913-387E-495F-91AD-23823B79F88C}.Release|Any CPU.Build.0 = Release|Any CPU
		{1E27B4BF-37BE-4E22-B9CE-B4491081F0EA}.Debug|Any CPU.ActiveCfg = Debug|Any CPU
		{1E27B4BF-37BE-4E22-B9CE-B4491081F0EA}.Debug|Any CPU.Build.0 = Debug|Any CPU
		{1E27B4BF-37BE-4E22-B9CE-B4491081F0EA}.Release|Any CPU.ActiveCfg = Release|Any CPU
		{1E27B4BF-37BE-4E22-B9CE-B4491081F0EA}.Release|Any CPU.Build.0 = Release|Any CPU
		{EBAC88F2-8586-436F-B795-1F5BDEA0F996}.Debug|Any CPU.ActiveCfg = Debug|Any CPU
		{EBAC88F2-8586-436F-B795-1F5BDEA0F996}.Debug|Any CPU.Build.0 = Debug|Any CPU
		{EBAC88F2-8586-436F-B795-1F5BDEA0F996}.Release|Any CPU.ActiveCfg = Release|Any CPU
		{EBAC88F2-8586-436F-B795-1F5BDEA0F996}.Release|Any CPU.Build.0 = Release|Any CPU
	EndGlobalSection
	GlobalSection(SolutionProperties) = preSolution
		HideSolutionNode = FALSE
	EndGlobalSection
EndGlobal
